
Microsoft Visual Studio Solution File, Format Version 12.00
# Visual Studio Version 17
VisualStudioVersion = 17.3.32804.467
MinimumVisualStudioVersion = 10.0.40219.1
Project("{FAE04EC0-301F-11D3-BF4B-00C04F79EFBC}") = "PureCsharp", "PureCsharp\PureCsharp.csproj", "{BD55BD56-B2BA-4784-9E03-743138E49114}"
EndProject
Global
	GlobalSection(SolutionConfigurationPlatforms) = preSolution
		Debug|Any CPU = Debug|Any CPU
		Release|Any CPU = Release|Any CPU
	EndGlobalSection
	GlobalSection(ProjectConfigurationPlatforms) = postSolution
		{BD55BD56-B2BA-4784-9E03-743138E49114}.Debug|Any CPU.ActiveCfg = Debug|Any CPU
		{BD55BD56-B2BA-4784-9E03-743138E49114}.Debug|Any CPU.Build.0 = Debug|Any CPU
		{BD55BD56-B2BA-4784-9E03-743138E49114}.Release|Any CPU.ActiveCfg = Release|Any CPU
		{BD55BD56-B2BA-4784-9E03-743138E49114}.Release|Any CPU.Build.0 = Release|Any CPU
	EndGlobalSection
	GlobalSection(SolutionProperties) = preSolution
		HideSolutionNode = FALSE
	EndGlobalSection
	GlobalSection(ExtensibilityGlobals) = postSolution
		SolutionGuid = {C3244805-2B76-4C76-B744-36F74DBE3A76}
	EndGlobalSection
EndGlobal
